
Microsoft Visual Studio Solution File, Format Version 12.00
# Visual Studio 15
VisualStudioVersion = 15.0.27428.2037
MinimumVisualStudioVersion = 10.0.40219.1
Project("{FAE04EC0-301F-11D3-BF4B-00C04F79EFBC}") = "[BD1]Proyecto1", "[BD1]Proyecto1\[BD1]Proyecto1.csproj", "{B91A7EB8-E8F6-466F-9255-CB6B1C6DDF5B}"
EndProject
Project("{2150E333-8FDC-42A3-9474-1A3956D46DE8}") = "Consultas", "Consultas", "{56BD33D7-125C-4D81-9473-25D5420CA19F}"
	ProjectSection(SolutionItems) = preProject
		Consultas\Consultas.sql = Consultas\Consultas.sql
		Consultas\Control_Maestro.ctl = Consultas\Control_Maestro.ctl
		Consultas\Creacion.sql = Consultas\Creacion.sql
		Consultas\Eliminacion.sql = Consultas\Eliminacion.sql
		Consultas\ICE-Fuente.csv = Consultas\ICE-Fuente.csv
		Consultas\Llenado.sql = Consultas\Llenado.sql
	EndProjectSection
EndProject
Global
	GlobalSection(SolutionConfigurationPlatforms) = preSolution
		Debug|Any CPU = Debug|Any CPU
		Release|Any CPU = Release|Any CPU
	EndGlobalSection
	GlobalSection(ProjectConfigurationPlatforms) = postSolution
		{B91A7EB8-E8F6-466F-9255-CB6B1C6DDF5B}.Debug|Any CPU.ActiveCfg = Debug|Any CPU
		{B91A7EB8-E8F6-466F-9255-CB6B1C6DDF5B}.Debug|Any CPU.Build.0 = Debug|Any CPU
		{B91A7EB8-E8F6-466F-9255-CB6B1C6DDF5B}.Release|Any CPU.ActiveCfg = Release|Any CPU
		{B91A7EB8-E8F6-466F-9255-CB6B1C6DDF5B}.Release|Any CPU.Build.0 = Release|Any CPU
	EndGlobalSection
	GlobalSection(SolutionProperties) = preSolution
		HideSolutionNode = FALSE
	EndGlobalSection
	GlobalSection(ExtensibilityGlobals) = postSolution
		SolutionGuid = {5141DE62-1F0D-4672-95A9-BEEA14C3BACD}
	EndGlobalSection
EndGlobal
